
Microsoft Visual Studio Solution File, Format Version 12.00
# Visual Studio Version 17
VisualStudioVersion = 17.5.002.0
MinimumVisualStudioVersion = 10.0.40219.1
Project("{9A19103F-16F7-4668-BE54-9A1E7A4F7556}") = "MonoProceso", "MonoProceso.csproj", "{02F0B49D-1576-4C06-B589-82496B43FAB6}"
EndProject
Global
	GlobalSection(SolutionConfigurationPlatforms) = preSolution
		Debug|Any CPU = Debug|Any CPU
		Release|Any CPU = Release|Any CPU
	EndGlobalSection
	GlobalSection(ProjectConfigurationPlatforms) = postSolution
		{02F0B49D-1576-4C06-B589-82496B43FAB6}.Debug|Any CPU.ActiveCfg = Debug|Any CPU
		{02F0B49D-1576-4C06-B589-82496B43FAB6}.Debug|Any CPU.Build.0 = Debug|Any CPU
		{02F0B49D-1576-4C06-B589-82496B43FAB6}.Release|Any CPU.ActiveCfg = Release|Any CPU
		{02F0B49D-1576-4C06-B589-82496B43FAB6}.Release|Any CPU.Build.0 = Release|Any CPU
	EndGlobalSection
	GlobalSection(SolutionProperties) = preSolution
		HideSolutionNode = FALSE
	EndGlobalSection
	GlobalSection(ExtensibilityGlobals) = postSolution
		SolutionGuid = {8F389A45-08A3-45FF-9822-11CE334998FE}
	EndGlobalSection
EndGlobal
